
Microsoft Visual Studio Solution File, Format Version 12.00
# Visual Studio Version 17
VisualStudioVersion = 17.7.34018.315
MinimumVisualStudioVersion = 10.0.40219.1
Project("{FAE04EC0-301F-11D3-BF4B-00C04F79EFBC}") = "PDC06_Module02.Android", "PDC06_Module02\PDC06_Module02.Android\PDC06_Module02.Android.csproj", "{CD1FCBDC-CC9F-4DE9-9749-F40D3268C404}"
EndProject
Project("{FAE04EC0-301F-11D3-BF4B-00C04F79EFBC}") = "PDC06_Module02", "PDC06_Module02\PDC06_Module02\PDC06_Module02.csproj", "{0CCEC809-C0C7-4565-8EBA-BB3F54264E9F}"
EndProject
Global
	GlobalSection(SolutionConfigurationPlatforms) = preSolution
		Debug|Any CPU = Debug|Any CPU
		Release|Any CPU = Release|Any CPU
	EndGlobalSection
	GlobalSection(ProjectConfigurationPlatforms) = postSolution
		{CD1FCBDC-CC9F-4DE9-9749-F40D3268C404}.Debug|Any CPU.ActiveCfg = Debug|Any CPU
		{CD1FCBDC-CC9F-4DE9-9749-F40D3268C404}.Debug|Any CPU.Build.0 = Debug|Any CPU
		{CD1FCBDC-CC9F-4DE9-9749-F40D3268C404}.Debug|Any CPU.Deploy.0 = Debug|Any CPU
		{CD1FCBDC-CC9F-4DE9-9749-F40D3268C404}.Release|Any CPU.ActiveCfg = Release|Any CPU
		{CD1FCBDC-CC9F-4DE9-9749-F40D3268C404}.Release|Any CPU.Build.0 = Release|Any CPU
		{CD1FCBDC-CC9F-4DE9-9749-F40D3268C404}.Release|Any CPU.Deploy.0 = Release|Any CPU
		{0CCEC809-C0C7-4565-8EBA-BB3F54264E9F}.Debug|Any CPU.ActiveCfg = Debug|Any CPU
		{0CCEC809-C0C7-4565-8EBA-BB3F54264E9F}.Debug|Any CPU.Build.0 = Debug|Any CPU
		{0CCEC809-C0C7-4565-8EBA-BB3F54264E9F}.Debug|Any CPU.Deploy.0 = Debug|Any CPU
		{0CCEC809-C0C7-4565-8EBA-BB3F54264E9F}.Release|Any CPU.ActiveCfg = Release|Any CPU
		{0CCEC809-C0C7-4565-8EBA-BB3F54264E9F}.Release|Any CPU.Build.0 = Release|Any CPU
		{0CCEC809-C0C7-4565-8EBA-BB3F54264E9F}.Release|Any CPU.Deploy.0 = Release|Any CPU
	EndGlobalSection
	GlobalSection(SolutionProperties) = preSolution
		HideSolutionNode = FALSE
	EndGlobalSection
	GlobalSection(ExtensibilityGlobals) = postSolution
		SolutionGuid = {40A14891-DD76-4DBE-B66A-BCBB9357E9CA}
	EndGlobalSection
EndGlobal
